
Microsoft Visual Studio Solution File, Format Version 12.00
# Visual Studio 15
Project("{FAE04EC0-301F-11D3-BF4B-00C04F79EFBC}") = "Etna", "Etna.csproj", "{ED65B04D-71D8-6B38-E13D-E65A7ED5DBF2}"
EndProject
Project("{FAE04EC0-301F-11D3-BF4B-00C04F79EFBC}") = "Etna.Editor", "Etna.Editor.csproj", "{5D067560-2AE0-233E-F35E-11942D04B340}"
EndProject
Global
	GlobalSection(SolutionConfigurationPlatforms) = preSolution
		Debug|Any CPU = Debug|Any CPU
		Release|Any CPU = Release|Any CPU
	EndGlobalSection
	GlobalSection(ProjectConfigurationPlatforms) = postSolution
		{ED65B04D-71D8-6B38-E13D-E65A7ED5DBF2}.Debug|Any CPU.ActiveCfg = Debug|Any CPU
		{ED65B04D-71D8-6B38-E13D-E65A7ED5DBF2}.Debug|Any CPU.Build.0 = Debug|Any CPU
		{ED65B04D-71D8-6B38-E13D-E65A7ED5DBF2}.Release|Any CPU.ActiveCfg = Release|Any CPU
		{ED65B04D-71D8-6B38-E13D-E65A7ED5DBF2}.Release|Any CPU.Build.0 = Release|Any CPU
		{5D067560-2AE0-233E-F35E-11942D04B340}.Debug|Any CPU.ActiveCfg = Debug|Any CPU
		{5D067560-2AE0-233E-F35E-11942D04B340}.Debug|Any CPU.Build.0 = Debug|Any CPU
		{5D067560-2AE0-233E-F35E-11942D04B340}.Release|Any CPU.ActiveCfg = Release|Any CPU
		{5D067560-2AE0-233E-F35E-11942D04B340}.Release|Any CPU.Build.0 = Release|Any CPU
	EndGlobalSection
	GlobalSection(SolutionProperties) = preSolution
		HideSolutionNode = FALSE
	EndGlobalSection
EndGlobal
